
Microsoft Visual Studio Solution File, Format Version 12.00
# Visual Studio Version 16
VisualStudioVersion = 16.0.31129.286
MinimumVisualStudioVersion = 10.0.40219.1
Project("{FAE04EC0-301F-11D3-BF4B-00C04F79EFBC}") = "Expendedora.Consola", "Expendedora.Consola\Expendedora.Consola.csproj", "{18EE3993-5BA7-4DBA-84BD-59BFB7F80773}"
EndProject
Project("{FAE04EC0-301F-11D3-BF4B-00C04F79EFBC}") = "Expendedora.Libreria", "Expendedora.Acciones\Expendedora.Libreria.csproj", "{BA17575F-64CC-4E27-AF04-FB75A647BF0C}"
EndProject
Global
	GlobalSection(SolutionConfigurationPlatforms) = preSolution
		Debug|Any CPU = Debug|Any CPU
		Release|Any CPU = Release|Any CPU
	EndGlobalSection
	GlobalSection(ProjectConfigurationPlatforms) = postSolution
		{18EE3993-5BA7-4DBA-84BD-59BFB7F80773}.Debug|Any CPU.ActiveCfg = Debug|Any CPU
		{18EE3993-5BA7-4DBA-84BD-59BFB7F80773}.Debug|Any CPU.Build.0 = Debug|Any CPU
		{18EE3993-5BA7-4DBA-84BD-59BFB7F80773}.Release|Any CPU.ActiveCfg = Release|Any CPU
		{18EE3993-5BA7-4DBA-84BD-59BFB7F80773}.Release|Any CPU.Build.0 = Release|Any CPU
		{BA17575F-64CC-4E27-AF04-FB75A647BF0C}.Debug|Any CPU.ActiveCfg = Debug|Any CPU
		{BA17575F-64CC-4E27-AF04-FB75A647BF0C}.Debug|Any CPU.Build.0 = Debug|Any CPU
		{BA17575F-64CC-4E27-AF04-FB75A647BF0C}.Release|Any CPU.ActiveCfg = Release|Any CPU
		{BA17575F-64CC-4E27-AF04-FB75A647BF0C}.Release|Any CPU.Build.0 = Release|Any CPU
	EndGlobalSection
	GlobalSection(SolutionProperties) = preSolution
		HideSolutionNode = FALSE
	EndGlobalSection
	GlobalSection(ExtensibilityGlobals) = postSolution
		SolutionGuid = {25D54886-A703-4748-9E8A-05DECB851F1C}
	EndGlobalSection
EndGlobal
